{
  "name": "tutorial",
  "version": "1.0.0",
  "lockfileVersion": 2,
  "requires": true,
  "packages": {
    "": {
      "name": "tutorial",
      "version": "1.0.0",
      "license": "ISC",
      "dependencies": {
        "lodash": "^4.17.21",
        "superstylin": "^2.3.0"
      }
    },
    "node_modules/lodash": {
      "version": "4.17.21",
      "resolved": "https://registry.npmjs.org/lodash/-/lodash-4.17.21.tgz",
      "integrity": "sha512-v2kDEe57lecTulaDIuNTPy3Ry4gLGJ6Z1O3vE1krgXZNrsQ+LFTGHVxVjcXPs17LhbZVGedAJv8XZ1tvj5FvSg=="
    },
    "node_modules/superstylin": {
      "version": "2.3.0",
      "resolved": "https://registry.npmjs.org/superstylin/-/superstylin-2.3.0.tgz",
      "integrity": "sha512-EEzdT5wG7yGStCowA6cl8kWVAtW7tLscAIJjbRzH4SQVLK5uge/0mdZ87FFsWBONepX7X58Rf4xpUFQ4K/ZooQ==",
      "engines": {
        "node": ">=16"
      }
    }
  },
  "dependencies": {
    "lodash": {
      "version": "4.17.21",
      "resolved": "https://registry.npmjs.org/lodash/-/lodash-4.17.21.tgz",
      "integrity": "sha512-v2kDEe57lecTulaDIuNTPy3Ry4gLGJ6Z1O3vE1krgXZNrsQ+LFTGHVxVjcXPs17LhbZVGedAJv8XZ1tvj5FvSg=="
    },
    "superstylin": {
      "version": "2.3.0",
      "resolved": "https://registry.npmjs.org/superstylin/-/superstylin-2.3.0.tgz",
      "integrity": "sha512-EEzdT5wG7yGStCowA6cl8kWVAtW7tLscAIJjbRzH4SQVLK5uge/0mdZ87FFsWBONepX7X58Rf4xpUFQ4K/ZooQ=="
    }
  }
}
